
Microsoft Visual Studio Solution File, Format Version 12.00
# Visual Studio Version 17
VisualStudioVersion = 17.3.32825.248
MinimumVisualStudioVersion = 10.0.40219.1
Project("{FAE04EC0-301F-11D3-BF4B-00C04F79EFBC}") = "SmartVkApi", "SmartVkApi.csproj", "{B9842329-C5CD-4552-A8BD-E4ADE46BBAA4}"
EndProject
Global
	GlobalSection(SolutionConfigurationPlatforms) = preSolution
		Debug|Any CPU = Debug|Any CPU
		Release|Any CPU = Release|Any CPU
	EndGlobalSection
	GlobalSection(ProjectConfigurationPlatforms) = postSolution
		{B9842329-C5CD-4552-A8BD-E4ADE46BBAA4}.Debug|Any CPU.ActiveCfg = Debug|Any CPU
		{B9842329-C5CD-4552-A8BD-E4ADE46BBAA4}.Debug|Any CPU.Build.0 = Debug|Any CPU
		{B9842329-C5CD-4552-A8BD-E4ADE46BBAA4}.Release|Any CPU.ActiveCfg = Release|Any CPU
		{B9842329-C5CD-4552-A8BD-E4ADE46BBAA4}.Release|Any CPU.Build.0 = Release|Any CPU
	EndGlobalSection
	GlobalSection(SolutionProperties) = preSolution
		HideSolutionNode = FALSE
	EndGlobalSection
	GlobalSection(ExtensibilityGlobals) = postSolution
		SolutionGuid = {326C728F-6FAF-4B1C-90DB-F79A94A26224}
	EndGlobalSection
EndGlobal
